{
  "name": "jfun-studio",
  "version": "0.1.0",
  "lockfileVersion": 3,
  "requires": true,
  "packages": {
    "": {
      "name": "jfun-studio",
      "version": "0.1.0",
      "license": "UNLICENSED",
      "workspaces": [
        "packages/*",
        "templates/*",
        "apps/*"
      ]
    },
    "apps/scopecheck": {
      "version": "0.1.0",
      "extraneous": true,
      "dependencies": {
        "@jfun/analytics": "*",
        "@jfun/audio": "*",
        "@jfun/growth-loop": "*",
        "@jfun/web-game-core": "*"
      },
      "devDependencies": {
        "@jfun/test-harness": "*"
      }
    },
    "node_modules/@jfun/analytics": {
      "resolved": "packages/analytics",
      "link": true
    },
    "node_modules/@jfun/audio": {
      "resolved": "packages/audio",
      "link": true
    },
    "node_modules/@jfun/growth-loop": {
      "resolved": "packages/growth-loop",
      "link": true
    },
    "node_modules/@jfun/native-shell": {
      "resolved": "packages/native-shell",
      "link": true
    },
    "node_modules/@jfun/test-harness": {
      "resolved": "packages/test-harness",
      "link": true
    },
    "node_modules/@jfun/web-game-core": {
      "resolved": "packages/web-game-core",
      "link": true
    },
    "node_modules/create-game-template": {
      "resolved": "templates/create-game",
      "link": true
    },
    "packages/analytics": {
      "name": "@jfun/analytics",
      "version": "0.1.0",
      "license": "UNLICENSED"
    },
    "packages/audio": {
      "name": "@jfun/audio",
      "version": "0.1.0",
      "license": "UNLICENSED"
    },
    "packages/growth-loop": {
      "name": "@jfun/growth-loop",
      "version": "0.1.0",
      "license": "UNLICENSED"
    },
    "packages/native-shell": {
      "name": "@jfun/native-shell",
      "version": "0.1.0",
      "license": "UNLICENSED"
    },
    "packages/test-harness": {
      "name": "@jfun/test-harness",
      "version": "0.1.0",
      "license": "UNLICENSED"
    },
    "packages/web-game-core": {
      "name": "@jfun/web-game-core",
      "version": "0.1.0",
      "license": "UNLICENSED"
    },
    "templates/create-game": {
      "name": "create-game-template",
      "version": "0.1.0",
      "dependencies": {
        "@jfun/analytics": "*",
        "@jfun/audio": "*",
        "@jfun/growth-loop": "*",
        "@jfun/web-game-core": "*"
      },
      "devDependencies": {
        "@jfun/test-harness": "*"
      }
    }
  }
}
