{
  "name": "jfun-studio",
  "version": "0.1.0",
  "lockfileVersion": 3,
  "requires": true,
  "packages": {
    "": {
      "name": "jfun-studio",
      "version": "0.1.0",
      "license": "UNLICENSED",
      "workspaces": [
        "packages/*",
        "templates/*",
        "apps/*"
      ]
    },
    "node_modules/@studio/analytics": {
      "resolved": "packages/analytics",
      "link": true
    },
    "node_modules/@studio/audio": {
      "resolved": "packages/audio",
      "link": true
    },
    "node_modules/@studio/growth-loop": {
      "resolved": "packages/growth-loop",
      "link": true
    },
    "node_modules/@studio/native-shell": {
      "resolved": "packages/native-shell",
      "link": true
    },
    "node_modules/@studio/test-harness": {
      "resolved": "packages/test-harness",
      "link": true
    },
    "node_modules/@studio/web-game-core": {
      "resolved": "packages/web-game-core",
      "link": true
    },
    "node_modules/create-game-template": {
      "resolved": "templates/create-game",
      "link": true
    },
    "packages/analytics": {
      "name": "@studio/analytics",
      "version": "0.1.0",
      "license": "UNLICENSED"
    },
    "packages/audio": {
      "name": "@studio/audio",
      "version": "0.1.0",
      "license": "UNLICENSED"
    },
    "packages/growth-loop": {
      "name": "@studio/growth-loop",
      "version": "0.1.0",
      "license": "UNLICENSED"
    },
    "packages/native-shell": {
      "name": "@studio/native-shell",
      "version": "0.1.0",
      "license": "UNLICENSED"
    },
    "packages/test-harness": {
      "name": "@studio/test-harness",
      "version": "0.1.0",
      "license": "UNLICENSED"
    },
    "packages/web-game-core": {
      "name": "@studio/web-game-core",
      "version": "0.1.0",
      "license": "UNLICENSED"
    },
    "templates/create-game": {
      "name": "create-game-template",
      "version": "0.1.0",
      "dependencies": {
        "@studio/analytics": "*",
        "@studio/audio": "*",
        "@studio/growth-loop": "*",
        "@studio/web-game-core": "*"
      },
      "devDependencies": {
        "@studio/test-harness": "*"
      }
    }
  }
}
